// !$*UTF8*$!
{
	archiveVersion = 1;
	classes = {
	};
	objectVersion = 50;
	objects = {

/* Begin PBXBuildFile section */
		DC4C6DDF2737E5BC00B779F7 /* Generator.swift in Sources */ = {isa = PBXBuildFile; fileRef = DC4C6DDE2737E5BC00B779F7 /* Generator.swift */; };
		DC4C6DE22737E5D300B779F7 /* GameRound.swift in Sources */ = {isa = PBXBuildFile; fileRef = DC4C6DE12737E5D300B779F7 /* GameRound.swift */; };
		DC5863E0273692E5003FD7E5 /* Game.swift in Sources */ = {isa = PBXBuildFile; fileRef = DC5863DF273692E5003FD7E5 /* Game.swift */; };
		DCA8DEC0273282BD0091551B /* AppDelegate.swift in Sources */ = {isa = PBXBuildFile; fileRef = DCA8DEBF273282BD0091551B /* AppDelegate.swift */; };
		DCA8DEC2273282BD0091551B /* SceneDelegate.swift in Sources */ = {isa = PBXBuildFile; fileRef = DCA8DEC1273282BD0091551B /* SceneDelegate.swift */; };
		DCA8DEC4273282BD0091551B /* ViewController.swift in Sources */ = {isa = PBXBuildFile; fileRef = DCA8DEC3273282BD0091551B /* ViewController.swift */; };
		DCA8DEC7273282BD0091551B /* Main.storyboard in Resources */ = {isa = PBXBuildFile; fileRef = DCA8DEC5273282BD0091551B /* Main.storyboard */; };
		DCA8DEC9273282BF0091551B /* Assets.xcassets in Resources */ = {isa = PBXBuildFile; fileRef = DCA8DEC8273282BF0091551B /* Assets.xcassets */; };
		DCA8DECC273282BF0091551B /* LaunchScreen.storyboard in Resources */ = {isa = PBXBuildFile; fileRef = DCA8DECA273282BF0091551B /* LaunchScreen.storyboard */; };
/* End PBXBuildFile section */

/* Begin PBXFileReference section */
		DC4C6DDE2737E5BC00B779F7 /* Generator.swift */ = {isa = PBXFileReference; lastKnownFileType = sourcecode.swift; path = Generator.swift; sourceTree = "<group>"; };
		DC4C6DE12737E5D300B779F7 /* GameRound.swift */ = {isa = PBXFileReference; lastKnownFileType = sourcecode.swift; path = GameRound.swift; sourceTree = "<group>"; };
		DC5863DF273692E5003FD7E5 /* Game.swift */ = {isa = PBXFileReference; lastKnownFileType = sourcecode.swift; path = Game.swift; sourceTree = "<group>"; };
		DCA8DEBC273282BD0091551B /* Right on target1.app */ = {isa = PBXFileReference; explicitFileType = wrapper.application; includeInIndex = 0; path = "Right on target1.app"; sourceTree = BUILT_PRODUCTS_DIR; };
		DCA8DEBF273282BD0091551B /* AppDelegate.swift */ = {isa = PBXFileReference; lastKnownFileType = sourcecode.swift; path = AppDelegate.swift; sourceTree = "<group>"; };
		DCA8DEC1273282BD0091551B /* SceneDelegate.swift */ = {isa = PBXFileReference; lastKnownFileType = sourcecode.swift; path = SceneDelegate.swift; sourceTree = "<group>"; };
		DCA8DEC3273282BD0091551B /* ViewController.swift */ = {isa = PBXFileReference; lastKnownFileType = sourcecode.swift; path = ViewController.swift; sourceTree = "<group>"; };
		DCA8DEC6273282BD0091551B /* Base */ = {isa = PBXFileReference; lastKnownFileType = file.storyboard; name = Base; path = Base.lproj/Main.storyboard; sourceTree = "<group>"; };
		DCA8DEC8273282BF0091551B /* Assets.xcassets */ = {isa = PBXFileReference; lastKnownFileType = folder.assetcatalog; path = Assets.xcassets; sourceTree = "<group>"; };
		DCA8DECB273282BF0091551B /* Base */ = {isa = PBXFileReference; lastKnownFileType = file.storyboard; name = Base; path = Base.lproj/LaunchScreen.storyboard; sourceTree = "<group>"; };
		DCA8DECD273282BF0091551B /* Info.plist */ = {isa = PBXFileReference; lastKnownFileType = text.plist.xml; path = Info.plist; sourceTree = "<group>"; };
/* End PBXFileReference section */

/* Begin PBXFrameworksBuildPhase section */
		DCA8DEB9273282BD0091551B /* Frameworks */ = {
			isa = PBXFrameworksBuildPhase;
			buildActionMask = 2147483647;
			files = (
			);
			runOnlyForDeploymentPostprocessing = 0;
		};
/* End PBXFrameworksBuildPhase section */

/* Begin PBXGroup section */
		DC5863DB2736929F003FD7E5 /* Model1 */ = {
			isa = PBXGroup;
			children = (
				DC5863DF273692E5003FD7E5 /* Game.swift */,
				DC4C6DDE2737E5BC00B779F7 /* Generator.swift */,
				DC4C6DE12737E5D300B779F7 /* GameRound.swift */,
			);
			path = Model1;
			sourceTree = "<group>";
		};
		DCA8DEB3273282BD0091551B = {
			isa = PBXGroup;
			children = (
				DCA8DEBE273282BD0091551B /* Right on target1 */,
				DCA8DEBD273282BD0091551B /* Products */,
			);
			sourceTree = "<group>";
		};
		DCA8DEBD273282BD0091551B /* Products */ = {
			isa = PBXGroup;
			children = (
				DCA8DEBC273282BD0091551B /* Right on target1.app */,
			);
			name = Products;
			sourceTree = "<group>";
		};
		DCA8DEBE273282BD0091551B /* Right on target1 */ = {
			isa = PBXGroup;
			children = (
				DC5863DB2736929F003FD7E5 /* Model1 */,
				DCA8DEBF273282BD0091551B /* AppDelegate.swift */,
				DCA8DEC1273282BD0091551B /* SceneDelegate.swift */,
				DCA8DEC3273282BD0091551B /* ViewController.swift */,
				DCA8DEC5273282BD0091551B /* Main.storyboard */,
				DCA8DEC8273282BF0091551B /* Assets.xcassets */,
				DCA8DECA273282BF0091551B /* LaunchScreen.storyboard */,
				DCA8DECD273282BF0091551B /* Info.plist */,
			);
			path = "Right on target1";
			sourceTree = "<group>";
		};
/* End PBXGroup section */

/* Begin PBXNativeTarget section */
		DCA8DEBB273282BD0091551B /* Right on target1 */ = {
			isa = PBXNativeTarget;
			buildConfigurationList = DCA8DED0273282BF0091551B /* Build configuration list for PBXNativeTarget "Right on target1" */;
			buildPhases = (
				DCA8DEB8273282BD0091551B /* Sources */,
				DCA8DEB9273282BD0091551B /* Frameworks */,
				DCA8DEBA273282BD0091551B /* Resources */,
			);
			buildRules = (
			);
			dependencies = (
			);
			name = "Right on target1";
			productName = "Right on target1";
			productReference = DCA8DEBC273282BD0091551B /* Right on target1.app */;
			productType = "com.apple.product-type.application";
		};
/* End PBXNativeTarget section */

/* Begin PBXProject section */
		DCA8DEB4273282BD0091551B /* Project object */ = {
			isa = PBXProject;
			attributes = {
				LastSwiftUpdateCheck = 1250;
				LastUpgradeCheck = 1250;
				TargetAttributes = {
					DCA8DEBB273282BD0091551B = {
						CreatedOnToolsVersion = 12.5.1;
					};
				};
			};
			buildConfigurationList = DCA8DEB7273282BD0091551B /* Build configuration list for PBXProject "Right on target1" */;
			compatibilityVersion = "Xcode 9.3";
			developmentRegion = en;
			hasScannedForEncodings = 0;
			knownRegions = (
				en,
				Base,
			);
			mainGroup = DCA8DEB3273282BD0091551B;
			productRefGroup = DCA8DEBD273282BD0091551B /* Products */;
			projectDirPath = "";
			projectRoot = "";
			targets = (
				DCA8DEBB273282BD0091551B /* Right on target1 */,
			);
		};
/* End PBXProject section */

/* Begin PBXResourcesBuildPhase section */
		DCA8DEBA273282BD0091551B /* Resources */ = {
			isa = PBXResourcesBuildPhase;
			buildActionMask = 2147483647;
			files = (
				DCA8DECC273282BF0091551B /* LaunchScreen.storyboard in Resources */,
				DCA8DEC9273282BF0091551B /* Assets.xcassets in Resources */,
				DCA8DEC7273282BD0091551B /* Main.storyboard in Resources */,
			);
			runOnlyForDeploymentPostprocessing = 0;
		};
/* End PBXResourcesBuildPhase section */

/* Begin PBXSourcesBuildPhase section */
		DCA8DEB8273282BD0091551B /* Sources */ = {
			isa = PBXSourcesBuildPhase;
			buildActionMask = 2147483647;
			files = (
				DCA8DEC4273282BD0091551B /* ViewController.swift in Sources */,
				DCA8DEC0273282BD0091551B /* AppDelegate.swift in Sources */,
				DC4C6DDF2737E5BC00B779F7 /* Generator.swift in Sources */,
				DCA8DEC2273282BD0091551B /* SceneDelegate.swift in Sources */,
				DC4C6DE22737E5D300B779F7 /* GameRound.swift in Sources */,
				DC5863E0273692E5003FD7E5 /* Game.swift in Sources */,
			);
			runOnlyForDeploymentPostprocessing = 0;
		};
/* End PBXSourcesBuildPhase section */

/* Begin PBXVariantGroup section */
		DCA8DEC5273282BD0091551B /* Main.storyboard */ = {
			isa = PBXVariantGroup;
			children = (
				DCA8DEC6273282BD0091551B /* Base */,
			);
			name = Main.storyboard;
			sourceTree = "<group>";
		};
		DCA8DECA273282BF0091551B /* LaunchScreen.storyboard */ = {
			isa = PBXVariantGroup;
			children = (
				DCA8DECB273282BF0091551B /* Base */,
			);
			name = LaunchScreen.storyboard;
			sourceTree = "<group>";
		};
/* End PBXVariantGroup section */

/* Begin XCBuildConfiguration section */
		DCA8DECE273282BF0091551B /* Debug */ = {
			isa = XCBuildConfiguration;
			buildSettings = {
				ALWAYS_SEARCH_USER_PATHS = NO;
				CLANG_ANALYZER_NONNULL = YES;
				CLANG_ANALYZER_NUMBER_OBJECT_CONVERSION = YES_AGGRESSIVE;
				CLANG_CXX_LANGUAGE_STANDARD = "gnu++14";
				CLANG_CXX_LIBRARY = "libc++";
				CLANG_ENABLE_MODULES = YES;
				CLANG_ENABLE_OBJC_ARC = YES;
				CLANG_ENABLE_OBJC_WEAK = YES;
				CLANG_WARN_BLOCK_CAPTURE_AUTORELEASING = YES;
				CLANG_WARN_BOOL_CONVERSION = YES;
				CLANG_WARN_COMMA = YES;
				CLANG_WARN_CONSTANT_CONVERSION = YES;
				CLANG_WARN_DEPRECATED_OBJC_IMPLEMENTATIONS = YES;
				CLANG_WARN_DIRECT_OBJC_ISA_USAGE = YES_ERROR;
				CLANG_WARN_DOCUMENTATION_COMMENTS = YES;
				CLANG_WARN_EMPTY_BODY = YES;
				CLANG_WARN_ENUM_CONVERSION = YES;
				CLANG_WARN_INFINITE_RECURSION = YES;
				CLANG_WARN_INT_CONVERSION = YES;
				CLANG_WARN_NON_LITERAL_NULL_CONVERSION = YES;
				CLANG_WARN_OBJC_IMPLICIT_RETAIN_SELF = YES;
				CLANG_WARN_OBJC_LITERAL_CONVERSION = YES;
				CLANG_WARN_OBJC_ROOT_CLASS = YES_ERROR;
				CLANG_WARN_QUOTED_INCLUDE_IN_FRAMEWORK_HEADER = YES;
				CLANG_WARN_RANGE_LOOP_ANALYSIS = YES;
				CLANG_WARN_STRICT_PROTOTYPES = YES;
				CLANG_WARN_SUSPICIOUS_MOVE = YES;
				CLANG_WARN_UNGUARDED_AVAILABILITY = YES_AGGRESSIVE;
				CLANG_WARN_UNREACHABLE_CODE = YES;
				CLANG_WARN__DUPLICATE_METHOD_MATCH = YES;
				COPY_PHASE_STRIP = NO;
				DEBUG_INFORMATION_FORMAT = dwarf;
				ENABLE_STRICT_OBJC_MSGSEND = YES;
				ENABLE_TESTABILITY = YES;
				GCC_C_LANGUAGE_STANDARD = gnu11;
				GCC_DYNAMIC_NO_PIC = NO;
				GCC_NO_COMMON_BLOCKS = YES;
				GCC_OPTIMIZATION_LEVEL = 0;
				GCC_PREPROCESSOR_DEFINITIONS = (
					"DEBUG=1",
					"$(inherited)",
				);
				GCC_WARN_64_TO_32_BIT_CONVERSION = YES;
				GCC_WARN_ABOUT_RETURN_TYPE = YES_ERROR;
				GCC_WARN_UNDECLARED_SELECTOR = YES;
				GCC_WARN_UNINITIALIZED_AUTOS = YES_AGGRESSIVE;
				GCC_WARN_UNUSED_FUNCTION = YES;
				GCC_WARN_UNUSED_VARIABLE = YES;
				IPHONEOS_DEPLOYMENT_TARGET = 14.5;
				MTL_ENABLE_DEBUG_INFO = INCLUDE_SOURCE;
				MTL_FAST_MATH = YES;
				ONLY_ACTIVE_ARCH = YES;
				SDKROOT = iphoneos;
				SWIFT_ACTIVE_COMPILATION_CONDITIONS = DEBUG;
				SWIFT_OPTIMIZATION_LEVEL = "-Onone";
			};
			name = Debug;
		};
		DCA8DECF273282BF0091551B /* Release */ = {
			isa = XCBuildConfiguration;
			buildSettings = {
				ALWAYS_SEARCH_USER_PATHS = NO;
				CLANG_ANALYZER_NONNULL = YES;
				CLANG_ANALYZER_NUMBER_OBJECT_CONVERSION = YES_AGGRESSIVE;
				CLANG_CXX_LANGUAGE_STANDARD = "gnu++14";
				CLANG_CXX_LIBRARY = "libc++";
				CLANG_ENABLE_MODULES = YES;
				CLANG_ENABLE_OBJC_ARC = YES;
				CLANG_ENABLE_OBJC_WEAK = YES;
				CLANG_WARN_BLOCK_CAPTURE_AUTORELEASING = YES;
				CLANG_WARN_BOOL_CONVERSION = YES;
				CLANG_WARN_COMMA = YES;
				CLANG_WARN_CONSTANT_CONVERSION = YES;
				CLANG_WARN_DEPRECATED_OBJC_IMPLEMENTATIONS = YES;
				CLANG_WARN_DIRECT_OBJC_ISA_USAGE = YES_ERROR;
				CLANG_WARN_DOCUMENTATION_COMMENTS = YES;
				CLANG_WARN_EMPTY_BODY = YES;
				CLANG_WARN_ENUM_CONVERSION = YES;
				CLANG_WARN_INFINITE_RECURSION = YES;
				CLANG_WARN_INT_CONVERSION = YES;
				CLANG_WARN_NON_LITERAL_NULL_CONVERSION = YES;
				CLANG_WARN_OBJC_IMPLICIT_RETAIN_SELF = YES;
				CLANG_WARN_OBJC_LITERAL_CONVERSION = YES;
				CLANG_WARN_OBJC_ROOT_CLASS = YES_ERROR;
				CLANG_WARN_QUOTED_INCLUDE_IN_FRAMEWORK_HEADER = YES;
				CLANG_WARN_RANGE_LOOP_ANALYSIS = YES;
				CLANG_WARN_STRICT_PROTOTYPES = YES;
				CLANG_WARN_SUSPICIOUS_MOVE = YES;
				CLANG_WARN_UNGUARDED_AVAILABILITY = YES_AGGRESSIVE;
				CLANG_WARN_UNREACHABLE_CODE = YES;
				CLANG_WARN__DUPLICATE_METHOD_MATCH = YES;
				COPY_PHASE_STRIP = NO;
				DEBUG_INFORMATION_FORMAT = "dwarf-with-dsym";
				ENABLE_NS_ASSERTIONS = NO;
				ENABLE_STRICT_OBJC_MSGSEND = YES;
				GCC_C_LANGUAGE_STANDARD = gnu11;
				GCC_NO_COMMON_BLOCKS = YES;
				GCC_WARN_64_TO_32_BIT_CONVERSION = YES;
				GCC_WARN_ABOUT_RETURN_TYPE = YES_ERROR;
				GCC_WARN_UNDECLARED_SELECTOR = YES;
				GCC_WARN_UNINITIALIZED_AUTOS = YES_AGGRESSIVE;
				GCC_WARN_UNUSED_FUNCTION = YES;
				GCC_WARN_UNUSED_VARIABLE = YES;
				IPHONEOS_DEPLOYMENT_TARGET = 14.5;
				MTL_ENABLE_DEBUG_INFO = NO;
				MTL_FAST_MATH = YES;
				SDKROOT = iphoneos;
				SWIFT_COMPILATION_MODE = wholemodule;
				SWIFT_OPTIMIZATION_LEVEL = "-O";
				VALIDATE_PRODUCT = YES;
			};
			name = Release;
		};
		DCA8DED1273282BF0091551B /* Debug */ = {
			isa = XCBuildConfiguration;
			buildSettings = {
				ASSETCATALOG_COMPILER_APPICON_NAME = AppIcon;
				ASSETCATALOG_COMPILER_GLOBAL_ACCENT_COLOR_NAME = AccentColor;
				CODE_SIGN_STYLE = Automatic;
				DEVELOPMENT_TEAM = MU6RTL5NN9;
				INFOPLIST_FILE = "Right on target1/Info.plist";
				LD_RUNPATH_SEARCH_PATHS = (
					"$(inherited)",
					"@executable_path/Frameworks",
				);
				MARKETING_VERSION = 1.3;
				PRODUCT_BUNDLE_IDENTIFIER = "SergeyMedvedev.Right-on-target1";
				PRODUCT_NAME = "$(TARGET_NAME)";
				SWIFT_VERSION = 5.0;
				TARGETED_DEVICE_FAMILY = "1,2";
			};
			name = Debug;
		};
		DCA8DED2273282BF0091551B /* Release */ = {
			isa = XCBuildConfiguration;
			buildSettings = {
				ASSETCATALOG_COMPILER_APPICON_NAME = AppIcon;
				ASSETCATALOG_COMPILER_GLOBAL_ACCENT_COLOR_NAME = AccentColor;
				CODE_SIGN_STYLE = Automatic;
				DEVELOPMENT_TEAM = MU6RTL5NN9;
				INFOPLIST_FILE = "Right on target1/Info.plist";
				LD_RUNPATH_SEARCH_PATHS = (
					"$(inherited)",
					"@executable_path/Frameworks",
				);
				MARKETING_VERSION = 1.3;
				PRODUCT_BUNDLE_IDENTIFIER = "SergeyMedvedev.Right-on-target1";
				PRODUCT_NAME = "$(TARGET_NAME)";
				SWIFT_VERSION = 5.0;
				TARGETED_DEVICE_FAMILY = "1,2";
			};
			name = Release;
		};
/* End XCBuildConfiguration section */

/* Begin XCConfigurationList section */
		DCA8DEB7273282BD0091551B /* Build configuration list for PBXProject "Right on target1" */ = {
			isa = XCConfigurationList;
			buildConfigurations = (
				DCA8DECE273282BF0091551B /* Debug */,
				DCA8DECF273282BF0091551B /* Release */,
			);
			defaultConfigurationIsVisible = 0;
			defaultConfigurationName = Release;
		};
		DCA8DED0273282BF0091551B /* Build configuration list for PBXNativeTarget "Right on target1" */ = {
			isa = XCConfigurationList;
			buildConfigurations = (
				DCA8DED1273282BF0091551B /* Debug */,
				DCA8DED2273282BF0091551B /* Release */,
			);
			defaultConfigurationIsVisible = 0;
			defaultConfigurationName = Release;
		};
/* End XCConfigurationList section */
	};
	rootObject = DCA8DEB4273282BD0091551B /* Project object */;
}
